lockfileVersion: '6.1'

settings:
  autoInstallPeers: true
  excludeLinksFromLockfile: false

devDependencies:
  oxlint:
    specifier: ^0.2.9
    version: 0.2.9

packages:

  /@oxlint/darwin-arm64@0.2.9:
    resolution: {integrity: sha512-XjDkgEKpg1VylzrJhXWmYvDll27NQM28fmnLRvQVOHaamkoC5F0Ly3cRpjwAdmkb3HJKkfKn4Krjq51sNoZ7Dg==}
    cpu: [arm64]
    os: [darwin]
    requiresBuild: true
    dev: true
    optional: true

  /@oxlint/darwin-x64@0.2.9:
    resolution: {integrity: sha512-CMWTr8kgqA340w2qt/z1k8Ev4tVeuuTJuYGNhnJ976wxlli395Z1B0pQFr+IeaIgIdWPLsU3vytiJLm5AnKnhA==}
    cpu: [x64]
    os: [darwin]
    requiresBuild: true
    dev: true
    optional: true

  /@oxlint/linux-arm64-gnu@0.2.9:
    resolution: {integrity: sha512-lNjmctifQJniNvcynsIYrFKjbuha4ZP/eSlnkqnDEyNnfKVDqHchsB49qfwSe2mcFFVeU5gX1gwCW5ZMHkESTQ==}
    cpu: [arm64]
    os: [linux]
    requiresBuild: true
    dev: true
    optional: true

  /@oxlint/linux-arm64-musl@0.2.9:
    resolution: {integrity: sha512-zJUc0Rj+F/j6UfAdWYrYQYrsZ8RDIzQ4NRccaV1hMTmWhCU35ZgX5+RKGjMYoAmQKyk8BvI7+/QflZRBGJjkUA==}
    cpu: [arm64]
    os: [linux]
    requiresBuild: true
    dev: true
    optional: true

  /@oxlint/linux-x64-gnu@0.2.9:
    resolution: {integrity: sha512-gP5TN6Srn29NTAbTFcjHlQaoNM/TESO/+Jc3DCESI51a5FsOp2eLEZel0gMrlls74ZjJqVnD72I6VGawA68VEA==}
    cpu: [x64]
    os: [linux]
    requiresBuild: true
    dev: true
    optional: true

  /@oxlint/linux-x64-musl@0.2.9:
    resolution: {integrity: sha512-dz8DF89T2DC/IPgMzods9I2TEJRJG4qChM0ooDxULqbOyK8SrYXZLgXDQ1ihrGHUCA4aMlhwEs5zJSWR9uTcug==}
    cpu: [x64]
    os: [linux]
    requiresBuild: true
    dev: true
    optional: true

  /@oxlint/win32-arm64@0.2.9:
    resolution: {integrity: sha512-0e3IbL8ahNGrwj5TrBfMnqnENa7jyix5F5LPZlH8RCjT4oIRUMJNzWGdJhHPnQ1nMUrhLFoWQOh+D5IxTW4wGA==}
    cpu: [arm64]
    os: [win32]
    requiresBuild: true
    dev: true
    optional: true

  /@oxlint/win32-x64@0.2.9:
    resolution: {integrity: sha512-WD0Dd5cJIYUZPMS0L6nj44EmZEl4LHwPEDoJFd7LAI7shvQfWT/uXPIisLsd/6VwKWHyB9EYaD/avHQOZQARmg==}
    cpu: [x64]
    os: [win32]
    requiresBuild: true
    dev: true
    optional: true

  /oxlint@0.2.9:
    resolution: {integrity: sha512-CvqnM48lQAQFWcpDtrhgCj148rye/TlXwQQ+0PlcTsB0ukn7ndya/QppXdgYmqAg9lY4OU80F7eYtV7xDLOFjg==}
    engines: {node: '>=14.*'}
    hasBin: true
    optionalDependencies:
      '@oxlint/darwin-arm64': 0.2.9
      '@oxlint/darwin-x64': 0.2.9
      '@oxlint/linux-arm64-gnu': 0.2.9
      '@oxlint/linux-arm64-musl': 0.2.9
      '@oxlint/linux-x64-gnu': 0.2.9
      '@oxlint/linux-x64-musl': 0.2.9
      '@oxlint/win32-arm64': 0.2.9
      '@oxlint/win32-x64': 0.2.9
    dev: true
